
Microsoft Visual Studio Solution File, Format Version 12.00
# Visual Studio Version 17
VisualStudioVersion = 17.8.34322.80
MinimumVisualStudioVersion = 10.0.40219.1
Project("{FAE04EC0-301F-11D3-BF4B-00C04F79EFBC}") = "UnitTestVB", "UnitTestVB\UnitTestVB.csproj", "{4765350C-8034-4A5D-BF6D-018985FA374D}"
EndProject
Project("{FAE04EC0-301F-11D3-BF4B-00C04F79EFBC}") = "UnitTestProject", "UnitTestProject\UnitTestProject.csproj", "{71FF6D7F-578F-4809-9529-3AED0AD00FFC}"
EndProject
Global
	GlobalSection(SolutionConfigurationPlatforms) = preSolution
		Debug|Any CPU = Debug|Any CPU
		Release|Any CPU = Release|Any CPU
	EndGlobalSection
	GlobalSection(ProjectConfigurationPlatforms) = postSolution
		{4765350C-8034-4A5D-BF6D-018985FA374D}.Debug|Any CPU.ActiveCfg = Debug|Any CPU
		{4765350C-8034-4A5D-BF6D-018985FA374D}.Debug|Any CPU.Build.0 = Debug|Any CPU
		{4765350C-8034-4A5D-BF6D-018985FA374D}.Release|Any CPU.ActiveCfg = Release|Any CPU
		{4765350C-8034-4A5D-BF6D-018985FA374D}.Release|Any CPU.Build.0 = Release|Any CPU
		{71FF6D7F-578F-4809-9529-3AED0AD00FFC}.Debug|Any CPU.ActiveCfg = Debug|Any CPU
		{71FF6D7F-578F-4809-9529-3AED0AD00FFC}.Debug|Any CPU.Build.0 = Debug|Any CPU
		{71FF6D7F-578F-4809-9529-3AED0AD00FFC}.Release|Any CPU.ActiveCfg = Release|Any CPU
		{71FF6D7F-578F-4809-9529-3AED0AD00FFC}.Release|Any CPU.Build.0 = Release|Any CPU
	EndGlobalSection
	GlobalSection(SolutionProperties) = preSolution
		HideSolutionNode = FALSE
	EndGlobalSection
	GlobalSection(ExtensibilityGlobals) = postSolution
		SolutionGuid = {B85AF89D-AC25-4D54-AD00-3A60E8D7E6DA}
	EndGlobalSection
EndGlobal
